
Microsoft Visual Studio Solution File, Format Version 12.00
# Visual Studio Version 17
VisualStudioVersion = 17.0.31919.166
MinimumVisualStudioVersion = 10.0.40219.1
Project("{FAE04EC0-301F-11D3-BF4B-00C04F79EFBC}") = "Analyzer1", "Analyzer1\Analyzer1\Analyzer1.csproj", "{AAD47DF6-80A6-4D2B-88BF-FA69F64B263A}"
EndProject
Project("{FAE04EC0-301F-11D3-BF4B-00C04F79EFBC}") = "Analyzer1.CodeFixes", "Analyzer1\Analyzer1.CodeFixes\Analyzer1.CodeFixes.csproj", "{4AE64224-E4A5-4B13-8748-DCFB7192B673}"
EndProject
Project("{FAE04EC0-301F-11D3-BF4B-00C04F79EFBC}") = "Analyzer1.Package", "Analyzer1\Analyzer1.Package\Analyzer1.Package.csproj", "{57DC3386-DD49-41B6-BB18-D3FDB727D0E0}"
EndProject
Project("{FAE04EC0-301F-11D3-BF4B-00C04F79EFBC}") = "Analyzer1.Test", "Analyzer1\Analyzer1.Test\Analyzer1.Test.csproj", "{31BC74DF-9598-489F-9707-F90B3660E242}"
EndProject
Project("{FAE04EC0-301F-11D3-BF4B-00C04F79EFBC}") = "Analyzer1.Vsix", "Analyzer1\Analyzer1.Vsix\Analyzer1.Vsix.csproj", "{BE13D70D-CA0E-4C28-B98B-32A9C659020F}"
EndProject
Global
	GlobalSection(SolutionConfigurationPlatforms) = preSolution
		Debug|Any CPU = Debug|Any CPU
		Release|Any CPU = Release|Any CPU
	EndGlobalSection
	GlobalSection(ProjectConfigurationPlatforms) = postSolution
		{AAD47DF6-80A6-4D2B-88BF-FA69F64B263A}.Debug|Any CPU.ActiveCfg = Debug|Any CPU
		{AAD47DF6-80A6-4D2B-88BF-FA69F64B263A}.Debug|Any CPU.Build.0 = Debug|Any CPU
		{AAD47DF6-80A6-4D2B-88BF-FA69F64B263A}.Release|Any CPU.ActiveCfg = Release|Any CPU
		{AAD47DF6-80A6-4D2B-88BF-FA69F64B263A}.Release|Any CPU.Build.0 = Release|Any CPU
		{4AE64224-E4A5-4B13-8748-DCFB7192B673}.Debug|Any CPU.ActiveCfg = Debug|Any CPU
		{4AE64224-E4A5-4B13-8748-DCFB7192B673}.Debug|Any CPU.Build.0 = Debug|Any CPU
		{4AE64224-E4A5-4B13-8748-DCFB7192B673}.Release|Any CPU.ActiveCfg = Release|Any CPU
		{4AE64224-E4A5-4B13-8748-DCFB7192B673}.Release|Any CPU.Build.0 = Release|Any CPU
		{57DC3386-DD49-41B6-BB18-D3FDB727D0E0}.Debug|Any CPU.ActiveCfg = Debug|Any CPU
		{57DC3386-DD49-41B6-BB18-D3FDB727D0E0}.Debug|Any CPU.Build.0 = Debug|Any CPU
		{57DC3386-DD49-41B6-BB18-D3FDB727D0E0}.Release|Any CPU.ActiveCfg = Release|Any CPU
		{57DC3386-DD49-41B6-BB18-D3FDB727D0E0}.Release|Any CPU.Build.0 = Release|Any CPU
		{31BC74DF-9598-489F-9707-F90B3660E242}.Debug|Any CPU.ActiveCfg = Debug|Any CPU
		{31BC74DF-9598-489F-9707-F90B3660E242}.Debug|Any CPU.Build.0 = Debug|Any CPU
		{31BC74DF-9598-489F-9707-F90B3660E242}.Release|Any CPU.ActiveCfg = Release|Any CPU
		{31BC74DF-9598-489F-9707-F90B3660E242}.Release|Any CPU.Build.0 = Release|Any CPU
		{BE13D70D-CA0E-4C28-B98B-32A9C659020F}.Debug|Any CPU.ActiveCfg = Debug|Any CPU
		{BE13D70D-CA0E-4C28-B98B-32A9C659020F}.Debug|Any CPU.Build.0 = Debug|Any CPU
		{BE13D70D-CA0E-4C28-B98B-32A9C659020F}.Release|Any CPU.ActiveCfg = Release|Any CPU
		{BE13D70D-CA0E-4C28-B98B-32A9C659020F}.Release|Any CPU.Build.0 = Release|Any CPU
	EndGlobalSection
	GlobalSection(SolutionProperties) = preSolution
		HideSolutionNode = FALSE
	EndGlobalSection
	GlobalSection(ExtensibilityGlobals) = postSolution
		SolutionGuid = {05226708-7C65-42D8-9FB8-09E42ABE05AD}
	EndGlobalSection
EndGlobal
